lockfileVersion: '9.0'

settings:
  autoInstallPeers: true
  excludeLinksFromLockfile: false

importers:

  .:
    devDependencies:
      '@typescript/native-preview':
        specifier: 7.0.0-dev.20260612.1
        version: 7.0.0-dev.20260612.1
      typescript:
        specifier: ^6.0.3
        version: 6.0.3

packages:

  '@typescript/native-preview-darwin-arm64@7.0.0-dev.20260612.1':
    resolution: {integrity: sha512-4GXIs4Z/4E0E1fRXmt1XE7mKRiwghkoNHstbqSHFl6Z7PeWBdTiSFR5j4JGo3Zp8RzZ+N6zZoVZOfG3HNqjWtQ==}
    engines: {node: '>=16.20.0'}
    cpu: [arm64]
    os: [darwin]

  '@typescript/native-preview-darwin-x64@7.0.0-dev.20260612.1':
    resolution: {integrity: sha512-YCXzMiUYnkOpg1Hh+TgYL5MZ190eia4LE8qpEti+j4QnZyARhQEbPWSUzXfQjinAy3Qcx7njamydSHpuBnODLQ==}
    engines: {node: '>=16.20.0'}
    cpu: [x64]
    os: [darwin]

  '@typescript/native-preview-linux-arm64@7.0.0-dev.20260612.1':
    resolution: {integrity: sha512-F4dPFLmRRPc2XeqQy45bDKQqbg4M4HoF7ybXae+D1LV8F44KR4ktUlXhp5pQBhwoQxZaLhA2D+NKwV/2UpILcA==}
    engines: {node: '>=16.20.0'}
    cpu: [arm64]
    os: [linux]

  '@typescript/native-preview-linux-arm@7.0.0-dev.20260612.1':
    resolution: {integrity: sha512-ylu0HtI0NS90souTPje6j1iTqhIPIYaZ12yLO1n8lxHkDXKjggm6w9l4BL/uRWqWc4iVHWt8JUAC/my7X1/EDQ==}
    engines: {node: '>=16.20.0'}
    cpu: [arm]
    os: [linux]

  '@typescript/native-preview-linux-x64@7.0.0-dev.20260612.1':
    resolution: {integrity: sha512-F/k8oic3wyq0WD5v7PQFPBlXaajbgzMnG9fkCWMwLYh2BUtD1VUjQ78dwDEz06AmOY+hsFrDuCtIZUyauBBU7w==}
    engines: {node: '>=16.20.0'}
    cpu: [x64]
    os: [linux]

  '@typescript/native-preview-win32-arm64@7.0.0-dev.20260612.1':
    resolution: {integrity: sha512-6/F10rOev8Wb2LM2F8C2ymuwcu+jrr06pcLR4AD8gy0YmTBjPvEZpKyBjCfdaJtIFH8S20dAVAK9HhYlw0JwnA==}
    engines: {node: '>=16.20.0'}
    cpu: [arm64]
    os: [win32]

  '@typescript/native-preview-win32-x64@7.0.0-dev.20260612.1':
    resolution: {integrity: sha512-8eRyhATm1dqo0PhAuyC908xlDUS9Onvm0BLvm81rAHRO6n3JhnzrwXL8s4jdvyDBiGK40R4d6JvY55edthg/rA==}
    engines: {node: '>=16.20.0'}
    cpu: [x64]
    os: [win32]

  '@typescript/native-preview@7.0.0-dev.20260612.1':
    resolution: {integrity: sha512-+rghVK/GENODCBed03PMAbHAo885P6Hw6HeW5daICel80OmAM49QeTmdcI7oii/9WMqX2UhM0sfNMH0Y5LeO+w==}
    engines: {node: '>=16.20.0'}
    hasBin: true

  typescript@6.0.3:
    resolution: {integrity: sha512-y2TvuxSZPDyQakkFRPZHKFm+KKVqIisdg9/CZwm9ftvKXLP8NRWj38/ODjNbr43SsoXqNuAisEf1GdCxqWcdBw==}
    engines: {node: '>=14.17'}
    hasBin: true

snapshots:

  '@typescript/native-preview-darwin-arm64@7.0.0-dev.20260612.1':
    optional: true

  '@typescript/native-preview-darwin-x64@7.0.0-dev.20260612.1':
    optional: true

  '@typescript/native-preview-linux-arm64@7.0.0-dev.20260612.1':
    optional: true

  '@typescript/native-preview-linux-arm@7.0.0-dev.20260612.1':
    optional: true

  '@typescript/native-preview-linux-x64@7.0.0-dev.20260612.1':
    optional: true

  '@typescript/native-preview-win32-arm64@7.0.0-dev.20260612.1':
    optional: true

  '@typescript/native-preview-win32-x64@7.0.0-dev.20260612.1':
    optional: true

  '@typescript/native-preview@7.0.0-dev.20260612.1':
    optionalDependencies:
      '@typescript/native-preview-darwin-arm64': 7.0.0-dev.20260612.1
      '@typescript/native-preview-darwin-x64': 7.0.0-dev.20260612.1
      '@typescript/native-preview-linux-arm': 7.0.0-dev.20260612.1
      '@typescript/native-preview-linux-arm64': 7.0.0-dev.20260612.1
      '@typescript/native-preview-linux-x64': 7.0.0-dev.20260612.1
      '@typescript/native-preview-win32-arm64': 7.0.0-dev.20260612.1
      '@typescript/native-preview-win32-x64': 7.0.0-dev.20260612.1

  typescript@6.0.3: {}
